{
  "name": "cartodb_sql_api",
  "version": "2.2.2",
  "dependencies": {
    "@carto/fqdn-sync": {
      "version": "0.2.2",
      "from": "@carto/fqdn-sync@0.2.2",
      "resolved": "https://registry.npmjs.org/@carto/fqdn-sync/-/fqdn-sync-0.2.2.tgz"
    },
    "accepts": {
      "version": "1.2.13",
      "from": "accepts@>=1.2.12 <1.3.0",
      "resolved": "https://registry.npmjs.org/accepts/-/accepts-1.2.13.tgz"
    },
    "ansi-regex": {
      "version": "2.1.1",
      "from": "ansi-regex@>=2.0.0 <3.0.0",
      "resolved": "https://registry.npmjs.org/ansi-regex/-/ansi-regex-2.1.1.tgz"
    },
    "ansi-styles": {
      "version": "2.2.1",
      "from": "ansi-styles@>=2.2.1 <3.0.0",
      "resolved": "https://registry.npmjs.org/ansi-styles/-/ansi-styles-2.2.1.tgz"
    },
    "append-field": {
      "version": "0.1.0",
      "from": "append-field@>=0.1.0 <0.2.0",
      "resolved": "https://registry.npmjs.org/append-field/-/append-field-0.1.0.tgz"
    },
    "array-flatten": {
      "version": "1.1.1",
      "from": "array-flatten@1.1.1",
      "resolved": "https://registry.npmjs.org/array-flatten/-/array-flatten-1.1.1.tgz"
    },
    "asn1": {
      "version": "0.2.4",
      "from": "asn1@>=0.2.3 <0.3.0",
      "resolved": "https://registry.npmjs.org/asn1/-/asn1-0.2.4.tgz"
    },
    "assert-plus": {
      "version": "0.2.0",
      "from": "assert-plus@>=0.2.0 <0.3.0",
      "resolved": "https://registry.npmjs.org/assert-plus/-/assert-plus-0.2.0.tgz"
    },
    "async": {
      "version": "0.2.10",
      "from": "async@>=0.2.0 <0.3.0",
      "resolved": "https://registry.npmjs.org/async/-/async-0.2.10.tgz"
    },
    "asynckit": {
      "version": "0.4.0",
      "from": "asynckit@>=0.4.0 <0.5.0",
      "resolved": "https://registry.npmjs.org/asynckit/-/asynckit-0.4.0.tgz"
    },
    "aws-sign2": {
      "version": "0.6.0",
      "from": "aws-sign2@>=0.6.0 <0.7.0",
      "resolved": "https://registry.npmjs.org/aws-sign2/-/aws-sign2-0.6.0.tgz"
    },
    "aws4": {
      "version": "1.8.0",
      "from": "aws4@>=1.2.1 <2.0.0",
      "resolved": "https://registry.npmjs.org/aws4/-/aws4-1.8.0.tgz"
    },
    "balanced-match": {
      "version": "1.0.0",
      "from": "balanced-match@>=1.0.0 <2.0.0",
      "resolved": "https://registry.npmjs.org/balanced-match/-/balanced-match-1.0.0.tgz"
    },
    "basic-auth": {
      "version": "2.0.1",
      "from": "basic-auth@>=2.0.0 <3.0.0",
      "resolved": "https://registry.npmjs.org/basic-auth/-/basic-auth-2.0.1.tgz"
    },
    "bcrypt-pbkdf": {
      "version": "1.0.2",
      "from": "bcrypt-pbkdf@>=1.0.0 <2.0.0",
      "resolved": "https://registry.npmjs.org/bcrypt-pbkdf/-/bcrypt-pbkdf-1.0.2.tgz"
    },
    "bindings": {
      "version": "1.3.0",
      "from": "bindings@>=1.2.1 <2.0.0",
      "resolved": "https://registry.npmjs.org/bindings/-/bindings-1.3.0.tgz"
    },
    "bintrees": {
      "version": "1.0.1",
      "from": "bintrees@1.0.1",
      "resolved": "https://registry.npmjs.org/bintrees/-/bintrees-1.0.1.tgz"
    },
    "bl": {
      "version": "1.1.2",
      "from": "bl@>=1.1.2 <1.2.0",
      "resolved": "https://registry.npmjs.org/bl/-/bl-1.1.2.tgz",
      "dependencies": {
        "isarray": {
          "version": "1.0.0",
          "from": "isarray@>=1.0.0 <1.1.0",
          "resolved": "https://registry.npmjs.org/isarray/-/isarray-1.0.0.tgz"
        },
        "process-nextick-args": {
          "version": "1.0.7",
          "from": "process-nextick-args@>=1.0.6 <1.1.0",
          "resolved": "https://registry.npmjs.org/process-nextick-args/-/process-nextick-args-1.0.7.tgz"
        },
        "readable-stream": {
          "version": "2.0.6",
          "from": "readable-stream@>=2.0.5 <2.1.0",
          "resolved": "https://registry.npmjs.org/readable-stream/-/readable-stream-2.0.6.tgz"
        }
      }
    },
    "bluebird": {
      "version": "3.5.3",
      "from": "bluebird@>=3.3.3 <4.0.0",
      "resolved": "https://registry.npmjs.org/bluebird/-/bluebird-3.5.3.tgz"
    },
    "boom": {
      "version": "2.10.1",
      "from": "boom@>=2.0.0 <3.0.0",
      "resolved": "https://registry.npmjs.org/boom/-/boom-2.10.1.tgz"
    },
    "brace-expansion": {
      "version": "1.1.11",
      "from": "brace-expansion@>=1.1.7 <2.0.0",
      "resolved": "https://registry.npmjs.org/brace-expansion/-/brace-expansion-1.1.11.tgz"
    },
    "buffer-from": {
      "version": "1.1.1",
      "from": "buffer-from@>=1.0.0 <2.0.0",
      "resolved": "https://registry.npmjs.org/buffer-from/-/buffer-from-1.1.1.tgz"
    },
    "buffer-writer": {
      "version": "1.0.1",
      "from": "buffer-writer@1.0.1",
      "resolved": "https://registry.npmjs.org/buffer-writer/-/buffer-writer-1.0.1.tgz"
    },
    "builtin-modules": {
      "version": "1.1.1",
      "from": "builtin-modules@>=1.0.0 <2.0.0",
      "resolved": "https://registry.npmjs.org/builtin-modules/-/builtin-modules-1.1.1.tgz"
    },
    "bunyan": {
      "version": "1.8.1",
      "from": "bunyan@1.8.1",
      "resolved": "https://registry.npmjs.org/bunyan/-/bunyan-1.8.1.tgz"
    },
    "busboy": {
      "version": "0.2.14",
      "from": "busboy@>=0.2.11 <0.3.0",
      "resolved": "https://registry.npmjs.org/busboy/-/busboy-0.2.14.tgz",
      "dependencies": {
        "readable-stream": {
          "version": "1.1.14",
          "from": "readable-stream@>=1.1.0 <1.2.0",
          "resolved": "https://registry.npmjs.org/readable-stream/-/readable-stream-1.1.14.tgz"
        }
      }
    },
    "camelcase": {
      "version": "3.0.0",
      "from": "camelcase@>=3.0.0 <4.0.0",
      "resolved": "https://registry.npmjs.org/camelcase/-/camelcase-3.0.0.tgz"
    },
    "cartodb-psql": {
      "version": "0.12.0",
      "from": "cartodb/node-cartodb-psql#nodejs-10",
      "resolved": "git://github.com/cartodb/node-cartodb-psql.git#56744d4463a87f3a7f9209413a3f0efd127a4fea",
      "dependencies": {
        "debug": {
          "version": "3.2.6",
          "from": "debug@>=3.1.0 <4.0.0",
          "resolved": "https://registry.npmjs.org/debug/-/debug-3.2.6.tgz"
        }
      }
    },
    "cartodb-query-tables": {
      "version": "0.3.0",
      "from": "cartodb/node-cartodb-query-tables#nodejs-10",
      "resolved": "git://github.com/cartodb/node-cartodb-query-tables.git#31760f95863ca695532504dfb7dfbe57003965a2"
    },
    "cartodb-redis": {
      "version": "2.0.3",
      "from": "cartodb/node-cartodb-redis#nodejs-10",
      "resolved": "git://github.com/cartodb/node-cartodb-redis.git#76227a34b87b2b767a653b134fde8376aefdb64f"
    },
    "caseless": {
      "version": "0.11.0",
      "from": "caseless@>=0.11.0 <0.12.0",
      "resolved": "https://registry.npmjs.org/caseless/-/caseless-0.11.0.tgz"
    },
    "chalk": {
      "version": "1.1.3",
      "from": "chalk@>=1.1.1 <2.0.0",
      "resolved": "https://registry.npmjs.org/chalk/-/chalk-1.1.3.tgz"
    },
    "cliui": {
      "version": "3.2.0",
      "from": "cliui@>=3.2.0 <4.0.0",
      "resolved": "https://registry.npmjs.org/cliui/-/cliui-3.2.0.tgz"
    },
    "code-point-at": {
      "version": "1.1.0",
      "from": "code-point-at@>=1.0.0 <2.0.0",
      "resolved": "https://registry.npmjs.org/code-point-at/-/code-point-at-1.1.0.tgz"
    },
    "combined-stream": {
      "version": "1.0.7",
      "from": "combined-stream@>=1.0.5 <1.1.0",
      "resolved": "https://registry.npmjs.org/combined-stream/-/combined-stream-1.0.7.tgz"
    },
    "commander": {
      "version": "2.19.0",
      "from": "commander@>=2.9.0 <3.0.0",
      "resolved": "https://registry.npmjs.org/commander/-/commander-2.19.0.tgz"
    },
    "concat-map": {
      "version": "0.0.1",
      "from": "concat-map@0.0.1",
      "resolved": "https://registry.npmjs.org/concat-map/-/concat-map-0.0.1.tgz"
    },
    "concat-stream": {
      "version": "1.6.2",
      "from": "concat-stream@>=1.5.0 <2.0.0",
      "resolved": "https://registry.npmjs.org/concat-stream/-/concat-stream-1.6.2.tgz",
      "dependencies": {
        "isarray": {
          "version": "1.0.0",
          "from": "isarray@>=1.0.0 <1.1.0",
          "resolved": "https://registry.npmjs.org/isarray/-/isarray-1.0.0.tgz"
        },
        "readable-stream": {
          "version": "2.3.6",
          "from": "readable-stream@>=2.2.2 <3.0.0",
          "resolved": "https://registry.npmjs.org/readable-stream/-/readable-stream-2.3.6.tgz"
        },
        "string_decoder": {
          "version": "1.1.1",
          "from": "string_decoder@>=1.1.1 <1.2.0",
          "resolved": "https://registry.npmjs.org/string_decoder/-/string_decoder-1.1.1.tgz"
        }
      }
    },
    "content-disposition": {
      "version": "0.5.1",
      "from": "content-disposition@0.5.1",
      "resolved": "https://registry.npmjs.org/content-disposition/-/content-disposition-0.5.1.tgz"
    },
    "content-type": {
      "version": "1.0.4",
      "from": "content-type@>=1.0.1 <1.1.0",
      "resolved": "https://registry.npmjs.org/content-type/-/content-type-1.0.4.tgz"
    },
    "cookie": {
      "version": "0.1.5",
      "from": "cookie@0.1.5",
      "resolved": "https://registry.npmjs.org/cookie/-/cookie-0.1.5.tgz"
    },
    "cookie-signature": {
      "version": "1.0.6",
      "from": "cookie-signature@1.0.6",
      "resolved": "https://registry.npmjs.org/cookie-signature/-/cookie-signature-1.0.6.tgz"
    },
    "core-util-is": {
      "version": "1.0.2",
      "from": "core-util-is@>=1.0.0 <1.1.0",
      "resolved": "https://registry.npmjs.org/core-util-is/-/core-util-is-1.0.2.tgz"
    },
    "cryptiles": {
      "version": "2.0.5",
      "from": "cryptiles@>=2.0.0 <3.0.0",
      "resolved": "https://registry.npmjs.org/cryptiles/-/cryptiles-2.0.5.tgz"
    },
    "dashdash": {
      "version": "1.14.1",
      "from": "dashdash@>=1.12.0 <2.0.0",
      "resolved": "https://registry.npmjs.org/dashdash/-/dashdash-1.14.1.tgz",
      "dependencies": {
        "assert-plus": {
          "version": "1.0.0",
          "from": "assert-plus@>=1.0.0 <2.0.0",
          "resolved": "https://registry.npmjs.org/assert-plus/-/assert-plus-1.0.0.tgz"
        }
      }
    },
    "debug": {
      "version": "2.2.0",
      "from": "debug@2.2.0",
      "resolved": "https://registry.npmjs.org/debug/-/debug-2.2.0.tgz",
      "dependencies": {
        "ms": {
          "version": "0.7.1",
          "from": "ms@0.7.1",
          "resolved": "https://registry.npmjs.org/ms/-/ms-0.7.1.tgz"
        }
      }
    },
    "decamelize": {
      "version": "1.2.0",
      "from": "decamelize@>=1.1.1 <2.0.0",
      "resolved": "https://registry.npmjs.org/decamelize/-/decamelize-1.2.0.tgz"
    },
    "delayed-stream": {
      "version": "1.0.0",
      "from": "delayed-stream@>=1.0.0 <1.1.0",
      "resolved": "https://registry.npmjs.org/delayed-stream/-/delayed-stream-1.0.0.tgz"
    },
    "depd": {
      "version": "1.1.2",
      "from": "depd@>=1.1.0 <1.2.0",
      "resolved": "https://registry.npmjs.org/depd/-/depd-1.1.2.tgz"
    },
    "destroy": {
      "version": "1.0.4",
      "from": "destroy@>=1.0.4 <1.1.0",
      "resolved": "https://registry.npmjs.org/destroy/-/destroy-1.0.4.tgz"
    },
    "dicer": {
      "version": "0.2.5",
      "from": "dicer@0.2.5",
      "resolved": "https://registry.npmjs.org/dicer/-/dicer-0.2.5.tgz",
      "dependencies": {
        "readable-stream": {
          "version": "1.1.14",
          "from": "readable-stream@>=1.1.0 <1.2.0",
          "resolved": "https://registry.npmjs.org/readable-stream/-/readable-stream-1.1.14.tgz"
        }
      }
    },
    "dot": {
      "version": "1.0.3",
      "from": "dot@>=1.0.2 <1.1.0",
      "resolved": "https://registry.npmjs.org/dot/-/dot-1.0.3.tgz"
    },
    "double-ended-queue": {
      "version": "2.1.0-0",
      "from": "double-ended-queue@>=2.1.0-0 <3.0.0",
      "resolved": "https://registry.npmjs.org/double-ended-queue/-/double-ended-queue-2.1.0-0.tgz"
    },
    "dtrace-provider": {
      "version": "0.6.0",
      "from": "dtrace-provider@>=0.6.0 <0.7.0",
      "resolved": "https://registry.npmjs.org/dtrace-provider/-/dtrace-provider-0.6.0.tgz",
      "optional": true
    },
    "ecc-jsbn": {
      "version": "0.1.2",
      "from": "ecc-jsbn@>=0.1.1 <0.2.0",
      "resolved": "https://registry.npmjs.org/ecc-jsbn/-/ecc-jsbn-0.1.2.tgz"
    },
    "ee-first": {
      "version": "1.1.1",
      "from": "ee-first@1.1.1",
      "resolved": "https://registry.npmjs.org/ee-first/-/ee-first-1.1.1.tgz"
    },
    "error-ex": {
      "version": "1.3.2",
      "from": "error-ex@>=1.2.0 <2.0.0",
      "resolved": "https://registry.npmjs.org/error-ex/-/error-ex-1.3.2.tgz"
    },
    "escape-html": {
      "version": "1.0.3",
      "from": "escape-html@>=1.0.3 <1.1.0",
      "resolved": "https://registry.npmjs.org/escape-html/-/escape-html-1.0.3.tgz"
    },
    "escape-string-regexp": {
      "version": "1.0.5",
      "from": "escape-string-regexp@>=1.0.2 <2.0.0",
      "resolved": "https://registry.npmjs.org/escape-string-regexp/-/escape-string-regexp-1.0.5.tgz"
    },
    "etag": {
      "version": "1.7.0",
      "from": "etag@>=1.7.0 <1.8.0",
      "resolved": "https://registry.npmjs.org/etag/-/etag-1.7.0.tgz"
    },
    "express": {
      "version": "4.13.4",
      "from": "express@>=4.13.3 <4.14.0",
      "resolved": "https://registry.npmjs.org/express/-/express-4.13.4.tgz",
      "dependencies": {
        "qs": {
          "version": "4.0.0",
          "from": "qs@4.0.0",
          "resolved": "https://registry.npmjs.org/qs/-/qs-4.0.0.tgz"
        }
      }
    },
    "extend": {
      "version": "3.0.2",
      "from": "extend@>=3.0.0 <3.1.0",
      "resolved": "https://registry.npmjs.org/extend/-/extend-3.0.2.tgz"
    },
    "extsprintf": {
      "version": "1.3.0",
      "from": "extsprintf@1.3.0",
      "resolved": "https://registry.npmjs.org/extsprintf/-/extsprintf-1.3.0.tgz"
    },
    "finalhandler": {
      "version": "0.4.1",
      "from": "finalhandler@0.4.1",
      "resolved": "https://registry.npmjs.org/finalhandler/-/finalhandler-0.4.1.tgz"
    },
    "find-up": {
      "version": "1.1.2",
      "from": "find-up@>=1.0.0 <2.0.0",
      "resolved": "https://registry.npmjs.org/find-up/-/find-up-1.1.2.tgz"
    },
    "forever-agent": {
      "version": "0.6.1",
      "from": "forever-agent@>=0.6.1 <0.7.0",
      "resolved": "https://registry.npmjs.org/forever-agent/-/forever-agent-0.6.1.tgz"
    },
    "form-data": {
      "version": "2.0.0",
      "from": "form-data@>=2.0.0 <2.1.0",
      "resolved": "https://registry.npmjs.org/form-data/-/form-data-2.0.0.tgz"
    },
    "forwarded": {
      "version": "0.1.2",
      "from": "forwarded@>=0.1.0 <0.2.0",
      "resolved": "https://registry.npmjs.org/forwarded/-/forwarded-0.1.2.tgz"
    },
    "fresh": {
      "version": "0.3.0",
      "from": "fresh@0.3.0",
      "resolved": "https://registry.npmjs.org/fresh/-/fresh-0.3.0.tgz"
    },
    "generate-function": {
      "version": "2.3.1",
      "from": "generate-function@>=2.0.0 <3.0.0",
      "resolved": "https://registry.npmjs.org/generate-function/-/generate-function-2.3.1.tgz"
    },
    "generate-object-property": {
      "version": "1.2.0",
      "from": "generate-object-property@>=1.1.0 <2.0.0",
      "resolved": "https://registry.npmjs.org/generate-object-property/-/generate-object-property-1.2.0.tgz"
    },
    "generic-pool": {
      "version": "2.4.3",
      "from": "generic-pool@2.4.3",
      "resolved": "https://registry.npmjs.org/generic-pool/-/generic-pool-2.4.3.tgz"
    },
    "get-caller-file": {
      "version": "1.0.3",
      "from": "get-caller-file@>=1.0.1 <2.0.0",
      "resolved": "https://registry.npmjs.org/get-caller-file/-/get-caller-file-1.0.3.tgz"
    },
    "getpass": {
      "version": "0.1.7",
      "from": "getpass@>=0.1.1 <0.2.0",
      "resolved": "https://registry.npmjs.org/getpass/-/getpass-0.1.7.tgz",
      "dependencies": {
        "assert-plus": {
          "version": "1.0.0",
          "from": "assert-plus@>=1.0.0 <2.0.0",
          "resolved": "https://registry.npmjs.org/assert-plus/-/assert-plus-1.0.0.tgz"
        }
      }
    },
    "glob": {
      "version": "6.0.4",
      "from": "glob@>=6.0.1 <7.0.0",
      "resolved": "https://registry.npmjs.org/glob/-/glob-6.0.4.tgz",
      "optional": true
    },
    "graceful-fs": {
      "version": "4.1.15",
      "from": "graceful-fs@>=4.1.2 <5.0.0",
      "resolved": "https://registry.npmjs.org/graceful-fs/-/graceful-fs-4.1.15.tgz"
    },
    "har-validator": {
      "version": "2.0.6",
      "from": "har-validator@>=2.0.6 <2.1.0",
      "resolved": "https://registry.npmjs.org/har-validator/-/har-validator-2.0.6.tgz"
    },
    "has-ansi": {
      "version": "2.0.0",
      "from": "has-ansi@>=2.0.0 <3.0.0",
      "resolved": "https://registry.npmjs.org/has-ansi/-/has-ansi-2.0.0.tgz"
    },
    "hawk": {
      "version": "3.1.3",
      "from": "hawk@>=3.1.3 <3.2.0",
      "resolved": "https://registry.npmjs.org/hawk/-/hawk-3.1.3.tgz"
    },
    "hiredis": {
      "version": "0.5.0",
      "from": "hiredis@>=0.5.0 <0.6.0",
      "resolved": "https://registry.npmjs.org/hiredis/-/hiredis-0.5.0.tgz"
    },
    "hoek": {
      "version": "2.16.3",
      "from": "hoek@>=2.0.0 <3.0.0",
      "resolved": "https://registry.npmjs.org/hoek/-/hoek-2.16.3.tgz"
    },
    "hosted-git-info": {
      "version": "2.7.1",
      "from": "hosted-git-info@>=2.1.4 <3.0.0",
      "resolved": "https://registry.npmjs.org/hosted-git-info/-/hosted-git-info-2.7.1.tgz"
    },
    "http-errors": {
      "version": "1.3.1",
      "from": "http-errors@>=1.3.1 <1.4.0",
      "resolved": "https://registry.npmjs.org/http-errors/-/http-errors-1.3.1.tgz"
    },
    "http-signature": {
      "version": "1.1.1",
      "from": "http-signature@>=1.1.0 <1.2.0",
      "resolved": "https://registry.npmjs.org/http-signature/-/http-signature-1.1.1.tgz"
    },
    "inflight": {
      "version": "1.0.6",
      "from": "inflight@>=1.0.4 <2.0.0",
      "resolved": "https://registry.npmjs.org/inflight/-/inflight-1.0.6.tgz"
    },
    "inherits": {
      "version": "2.0.3",
      "from": "inherits@>=2.0.0 <3.0.0",
      "resolved": "https://registry.npmjs.org/inherits/-/inherits-2.0.3.tgz"
    },
    "invert-kv": {
      "version": "1.0.0",
      "from": "invert-kv@>=1.0.0 <2.0.0",
      "resolved": "https://registry.npmjs.org/invert-kv/-/invert-kv-1.0.0.tgz"
    },
    "ipaddr.js": {
      "version": "1.0.5",
      "from": "ipaddr.js@1.0.5",
      "resolved": "https://registry.npmjs.org/ipaddr.js/-/ipaddr.js-1.0.5.tgz"
    },
    "is-arrayish": {
      "version": "0.2.1",
      "from": "is-arrayish@>=0.2.1 <0.3.0",
      "resolved": "https://registry.npmjs.org/is-arrayish/-/is-arrayish-0.2.1.tgz"
    },
    "is-builtin-module": {
      "version": "1.0.0",
      "from": "is-builtin-module@>=1.0.0 <2.0.0",
      "resolved": "https://registry.npmjs.org/is-builtin-module/-/is-builtin-module-1.0.0.tgz"
    },
    "is-fullwidth-code-point": {
      "version": "1.0.0",
      "from": "is-fullwidth-code-point@>=1.0.0 <2.0.0",
      "resolved": "https://registry.npmjs.org/is-fullwidth-code-point/-/is-fullwidth-code-point-1.0.0.tgz"
    },
    "is-my-ip-valid": {
      "version": "1.0.0",
      "from": "is-my-ip-valid@>=1.0.0 <2.0.0",
      "resolved": "https://registry.npmjs.org/is-my-ip-valid/-/is-my-ip-valid-1.0.0.tgz"
    },
    "is-my-json-valid": {
      "version": "2.19.0",
      "from": "is-my-json-valid@>=2.12.4 <3.0.0",
      "resolved": "https://registry.npmjs.org/is-my-json-valid/-/is-my-json-valid-2.19.0.tgz"
    },
    "is-property": {
      "version": "1.0.2",
      "from": "is-property@>=1.0.2 <2.0.0",
      "resolved": "https://registry.npmjs.org/is-property/-/is-property-1.0.2.tgz"
    },
    "is-typedarray": {
      "version": "1.0.0",
      "from": "is-typedarray@>=1.0.0 <1.1.0",
      "resolved": "https://registry.npmjs.org/is-typedarray/-/is-typedarray-1.0.0.tgz"
    },
    "is-utf8": {
      "version": "0.2.1",
      "from": "is-utf8@>=0.2.0 <0.3.0",
      "resolved": "https://registry.npmjs.org/is-utf8/-/is-utf8-0.2.1.tgz"
    },
    "isarray": {
      "version": "0.0.1",
      "from": "isarray@0.0.1",
      "resolved": "https://registry.npmjs.org/isarray/-/isarray-0.0.1.tgz"
    },
    "isstream": {
      "version": "0.1.2",
      "from": "isstream@>=0.1.2 <0.2.0",
      "resolved": "https://registry.npmjs.org/isstream/-/isstream-0.1.2.tgz"
    },
    "js-string-escape": {
      "version": "1.0.1",
      "from": "js-string-escape@1.0.1",
      "resolved": "https://registry.npmjs.org/js-string-escape/-/js-string-escape-1.0.1.tgz"
    },
    "jsbn": {
      "version": "0.1.1",
      "from": "jsbn@>=0.1.0 <0.2.0",
      "resolved": "https://registry.npmjs.org/jsbn/-/jsbn-0.1.1.tgz"
    },
    "json-schema": {
      "version": "0.2.3",
      "from": "json-schema@0.2.3",
      "resolved": "https://registry.npmjs.org/json-schema/-/json-schema-0.2.3.tgz"
    },
    "json-stringify-safe": {
      "version": "5.0.1",
      "from": "json-stringify-safe@>=5.0.1 <5.1.0",
      "resolved": "https://registry.npmjs.org/json-stringify-safe/-/json-stringify-safe-5.0.1.tgz"
    },
    "jsonpointer": {
      "version": "4.0.1",
      "from": "jsonpointer@>=4.0.0 <5.0.0",
      "resolved": "https://registry.npmjs.org/jsonpointer/-/jsonpointer-4.0.1.tgz"
    },
    "jsprim": {
      "version": "1.4.1",
      "from": "jsprim@>=1.2.2 <2.0.0",
      "resolved": "https://registry.npmjs.org/jsprim/-/jsprim-1.4.1.tgz",
      "dependencies": {
        "assert-plus": {
          "version": "1.0.0",
          "from": "assert-plus@1.0.0",
          "resolved": "https://registry.npmjs.org/assert-plus/-/assert-plus-1.0.0.tgz"
        }
      }
    },
    "lcid": {
      "version": "1.0.0",
      "from": "lcid@>=1.0.0 <2.0.0",
      "resolved": "https://registry.npmjs.org/lcid/-/lcid-1.0.0.tgz"
    },
    "load-json-file": {
      "version": "1.1.0",
      "from": "load-json-file@>=1.0.0 <2.0.0",
      "resolved": "https://registry.npmjs.org/load-json-file/-/load-json-file-1.1.0.tgz"
    },
    "lodash.assign": {
      "version": "4.2.0",
      "from": "lodash.assign@>=4.2.0 <5.0.0",
      "resolved": "https://registry.npmjs.org/lodash.assign/-/lodash.assign-4.2.0.tgz"
    },
    "log4js": {
      "version": "0.6.25",
      "from": "cartodb/log4js-node#cdb",
      "resolved": "git://github.com/cartodb/log4js-node.git#145d5f91e35e7fb14a6278cbf7a711ced6603727",
      "dependencies": {
        "semver": {
          "version": "4.3.6",
          "from": "semver@>=4.3.3 <4.4.0",
          "resolved": "https://registry.npmjs.org/semver/-/semver-4.3.6.tgz"
        },
        "underscore": {
          "version": "1.8.2",
          "from": "underscore@1.8.2",
          "resolved": "https://registry.npmjs.org/underscore/-/underscore-1.8.2.tgz"
        }
      }
    },
    "lru-cache": {
      "version": "2.5.2",
      "from": "lru-cache@>=2.5.0 <2.6.0",
      "resolved": "https://registry.npmjs.org/lru-cache/-/lru-cache-2.5.2.tgz"
    },
    "media-typer": {
      "version": "0.3.0",
      "from": "media-typer@0.3.0",
      "resolved": "https://registry.npmjs.org/media-typer/-/media-typer-0.3.0.tgz"
    },
    "merge-descriptors": {
      "version": "1.0.1",
      "from": "merge-descriptors@1.0.1",
      "resolved": "https://registry.npmjs.org/merge-descriptors/-/merge-descriptors-1.0.1.tgz"
    },
    "methods": {
      "version": "1.1.2",
      "from": "methods@>=1.1.2 <1.2.0",
      "resolved": "https://registry.npmjs.org/methods/-/methods-1.1.2.tgz"
    },
    "mime": {
      "version": "1.3.4",
      "from": "mime@1.3.4",
      "resolved": "https://registry.npmjs.org/mime/-/mime-1.3.4.tgz"
    },
    "mime-db": {
      "version": "1.37.0",
      "from": "mime-db@>=1.37.0 <1.38.0",
      "resolved": "https://registry.npmjs.org/mime-db/-/mime-db-1.37.0.tgz"
    },
    "mime-types": {
      "version": "2.1.21",
      "from": "mime-types@>=2.1.6 <2.2.0",
      "resolved": "https://registry.npmjs.org/mime-types/-/mime-types-2.1.21.tgz"
    },
    "minimatch": {
      "version": "3.0.4",
      "from": "minimatch@>=2.0.0 <3.0.0||>=3.0.0 <4.0.0",
      "resolved": "https://registry.npmjs.org/minimatch/-/minimatch-3.0.4.tgz"
    },
    "minimist": {
      "version": "0.0.8",
      "from": "minimist@0.0.8",
      "resolved": "https://registry.npmjs.org/minimist/-/minimist-0.0.8.tgz"
    },
    "mkdirp": {
      "version": "0.5.1",
      "from": "mkdirp@0.5.1",
      "resolved": "https://registry.npmjs.org/mkdirp/-/mkdirp-0.5.1.tgz"
    },
    "moment": {
      "version": "2.22.2",
      "from": "moment@>=2.10.6 <3.0.0",
      "resolved": "https://registry.npmjs.org/moment/-/moment-2.22.2.tgz",
      "optional": true
    },
    "ms": {
      "version": "2.1.1",
      "from": "ms@>=2.1.1 <3.0.0",
      "resolved": "https://registry.npmjs.org/ms/-/ms-2.1.1.tgz"
    },
    "multer": {
      "version": "1.2.1",
      "from": "multer@>=1.2.0 <1.3.0",
      "resolved": "https://registry.npmjs.org/multer/-/multer-1.2.1.tgz",
      "dependencies": {
        "object-assign": {
          "version": "3.0.0",
          "from": "object-assign@>=3.0.0 <4.0.0",
          "resolved": "https://registry.npmjs.org/object-assign/-/object-assign-3.0.0.tgz"
        }
      }
    },
    "mv": {
      "version": "2.1.1",
      "from": "mv@>=2.0.0 <3.0.0",
      "resolved": "https://registry.npmjs.org/mv/-/mv-2.1.1.tgz",
      "optional": true
    },
    "nan": {
      "version": "2.11.1",
      "from": "nan@>=2.0.8 <3.0.0",
      "resolved": "https://registry.npmjs.org/nan/-/nan-2.11.1.tgz"
    },
    "ncp": {
      "version": "2.0.0",
      "from": "ncp@>=2.0.0 <2.1.0",
      "resolved": "https://registry.npmjs.org/ncp/-/ncp-2.0.0.tgz",
      "optional": true
    },
    "negotiator": {
      "version": "0.5.3",
      "from": "negotiator@0.5.3",
      "resolved": "https://registry.npmjs.org/negotiator/-/negotiator-0.5.3.tgz"
    },
    "node-statsd": {
      "version": "0.0.7",
      "from": "node-statsd@>=0.0.7 <0.1.0",
      "resolved": "https://registry.npmjs.org/node-statsd/-/node-statsd-0.0.7.tgz"
    },
    "node-uuid": {
      "version": "1.4.8",
      "from": "node-uuid@>=1.4.7 <2.0.0",
      "resolved": "https://registry.npmjs.org/node-uuid/-/node-uuid-1.4.8.tgz"
    },
    "normalize-package-data": {
      "version": "2.4.0",
      "from": "normalize-package-data@>=2.3.2 <3.0.0",
      "resolved": "https://registry.npmjs.org/normalize-package-data/-/normalize-package-data-2.4.0.tgz"
    },
    "number-is-nan": {
      "version": "1.0.1",
      "from": "number-is-nan@>=1.0.0 <2.0.0",
      "resolved": "https://registry.npmjs.org/number-is-nan/-/number-is-nan-1.0.1.tgz"
    },
    "oauth-client": {
      "version": "0.3.0",
      "from": "oauth-client@0.3.0",
      "resolved": "https://registry.npmjs.org/oauth-client/-/oauth-client-0.3.0.tgz",
      "dependencies": {
        "node-uuid": {
          "version": "1.1.0",
          "from": "node-uuid@1.1.0",
          "resolved": "https://registry.npmjs.org/node-uuid/-/node-uuid-1.1.0.tgz"
        }
      }
    },
    "oauth-sign": {
      "version": "0.8.2",
      "from": "oauth-sign@>=0.8.1 <0.9.0",
      "resolved": "https://registry.npmjs.org/oauth-sign/-/oauth-sign-0.8.2.tgz"
    },
    "object-assign": {
      "version": "4.1.0",
      "from": "object-assign@4.1.0",
      "resolved": "https://registry.npmjs.org/object-assign/-/object-assign-4.1.0.tgz"
    },
    "on-finished": {
      "version": "2.3.0",
      "from": "on-finished@>=2.3.0 <2.4.0",
      "resolved": "https://registry.npmjs.org/on-finished/-/on-finished-2.3.0.tgz"
    },
    "once": {
      "version": "1.4.0",
      "from": "once@>=1.3.0 <2.0.0",
      "resolved": "https://registry.npmjs.org/once/-/once-1.4.0.tgz"
    },
    "optimist": {
      "version": "0.3.5",
      "from": "optimist@0.3.5",
      "resolved": "https://registry.npmjs.org/optimist/-/optimist-0.3.5.tgz"
    },
    "os-locale": {
      "version": "1.4.0",
      "from": "os-locale@>=1.4.0 <2.0.0",
      "resolved": "https://registry.npmjs.org/os-locale/-/os-locale-1.4.0.tgz"
    },
    "packet-reader": {
      "version": "0.3.1",
      "from": "packet-reader@0.3.1",
      "resolved": "https://registry.npmjs.org/packet-reader/-/packet-reader-0.3.1.tgz"
    },
    "parse-json": {
      "version": "2.2.0",
      "from": "parse-json@>=2.2.0 <3.0.0",
      "resolved": "https://registry.npmjs.org/parse-json/-/parse-json-2.2.0.tgz"
    },
    "parseurl": {
      "version": "1.3.2",
      "from": "parseurl@>=1.3.1 <1.4.0",
      "resolved": "https://registry.npmjs.org/parseurl/-/parseurl-1.3.2.tgz"
    },
    "path-exists": {
      "version": "2.1.0",
      "from": "path-exists@>=2.0.0 <3.0.0",
      "resolved": "https://registry.npmjs.org/path-exists/-/path-exists-2.1.0.tgz"
    },
    "path-is-absolute": {
      "version": "1.0.1",
      "from": "path-is-absolute@>=1.0.0 <2.0.0",
      "resolved": "https://registry.npmjs.org/path-is-absolute/-/path-is-absolute-1.0.1.tgz"
    },
    "path-to-regexp": {
      "version": "0.1.7",
      "from": "path-to-regexp@0.1.7",
      "resolved": "https://registry.npmjs.org/path-to-regexp/-/path-to-regexp-0.1.7.tgz"
    },
    "path-type": {
      "version": "1.1.0",
      "from": "path-type@>=1.0.0 <2.0.0",
      "resolved": "https://registry.npmjs.org/path-type/-/path-type-1.1.0.tgz"
    },
    "pg": {
      "version": "6.4.2",
      "from": "cartodb/node-postgres#nodejs-10",
      "resolved": "git://github.com/cartodb/node-postgres.git#37e731940bccd2d8c001b5b69e2229d09cd057d0"
    },
    "pg-connection-string": {
      "version": "0.1.3",
      "from": "pg-connection-string@0.1.3",
      "resolved": "https://registry.npmjs.org/pg-connection-string/-/pg-connection-string-0.1.3.tgz"
    },
    "pg-copy-streams": {
      "version": "1.2.0-carto.2",
      "from": "cartodb/node-pg-copy-streams#nodejs-10",
      "resolved": "git://github.com/cartodb/node-pg-copy-streams.git#01ab20fce2dc6963f9a27fe88ecb81af92c73bf7"
    },
    "pg-int8": {
      "version": "1.0.1",
      "from": "pg-int8@1.0.1",
      "resolved": "https://registry.npmjs.org/pg-int8/-/pg-int8-1.0.1.tgz"
    },
    "pg-pool": {
      "version": "1.8.0",
      "from": "pg-pool@>=1.0.0 <2.0.0",
      "resolved": "https://registry.npmjs.org/pg-pool/-/pg-pool-1.8.0.tgz"
    },
    "pg-types": {
      "version": "1.13.0",
      "from": "pg-types@>=1.0.0 <2.0.0",
      "resolved": "https://registry.npmjs.org/pg-types/-/pg-types-1.13.0.tgz"
    },
    "pgpass": {
      "version": "1.0.2",
      "from": "pgpass@>=1.0.0 <2.0.0",
      "resolved": "https://registry.npmjs.org/pgpass/-/pgpass-1.0.2.tgz"
    },
    "pify": {
      "version": "2.3.0",
      "from": "pify@>=2.0.0 <3.0.0",
      "resolved": "https://registry.npmjs.org/pify/-/pify-2.3.0.tgz"
    },
    "pinkie": {
      "version": "2.0.4",
      "from": "pinkie@>=2.0.0 <3.0.0",
      "resolved": "https://registry.npmjs.org/pinkie/-/pinkie-2.0.4.tgz"
    },
    "pinkie-promise": {
      "version": "2.0.1",
      "from": "pinkie-promise@>=2.0.0 <3.0.0",
      "resolved": "https://registry.npmjs.org/pinkie-promise/-/pinkie-promise-2.0.1.tgz"
    },
    "postgres-array": {
      "version": "1.0.3",
      "from": "postgres-array@>=1.0.0 <1.1.0",
      "resolved": "https://registry.npmjs.org/postgres-array/-/postgres-array-1.0.3.tgz"
    },
    "postgres-bytea": {
      "version": "1.0.0",
      "from": "postgres-bytea@>=1.0.0 <1.1.0",
      "resolved": "https://registry.npmjs.org/postgres-bytea/-/postgres-bytea-1.0.0.tgz"
    },
    "postgres-date": {
      "version": "1.0.3",
      "from": "postgres-date@>=1.0.0 <1.1.0",
      "resolved": "https://registry.npmjs.org/postgres-date/-/postgres-date-1.0.3.tgz"
    },
    "postgres-interval": {
      "version": "1.1.2",
      "from": "postgres-interval@>=1.1.0 <2.0.0",
      "resolved": "https://registry.npmjs.org/postgres-interval/-/postgres-interval-1.1.2.tgz"
    },
    "process-nextick-args": {
      "version": "2.0.0",
      "from": "process-nextick-args@>=2.0.0 <2.1.0",
      "resolved": "https://registry.npmjs.org/process-nextick-args/-/process-nextick-args-2.0.0.tgz"
    },
    "proxy-addr": {
      "version": "1.0.10",
      "from": "proxy-addr@>=1.0.10 <1.1.0",
      "resolved": "https://registry.npmjs.org/proxy-addr/-/proxy-addr-1.0.10.tgz"
    },
    "punycode": {
      "version": "1.4.1",
      "from": "punycode@>=1.4.1 <2.0.0",
      "resolved": "https://registry.npmjs.org/punycode/-/punycode-1.4.1.tgz"
    },
    "qs": {
      "version": "6.2.3",
      "from": "qs@>=6.2.1 <6.3.0",
      "resolved": "https://registry.npmjs.org/qs/-/qs-6.2.3.tgz"
    },
    "queue-async": {
      "version": "1.0.7",
      "from": "queue-async@>=1.0.7 <1.1.0",
      "resolved": "https://registry.npmjs.org/queue-async/-/queue-async-1.0.7.tgz"
    },
    "range-parser": {
      "version": "1.0.3",
      "from": "range-parser@>=1.0.3 <1.1.0",
      "resolved": "https://registry.npmjs.org/range-parser/-/range-parser-1.0.3.tgz"
    },
    "read-pkg": {
      "version": "1.1.0",
      "from": "read-pkg@>=1.0.0 <2.0.0",
      "resolved": "https://registry.npmjs.org/read-pkg/-/read-pkg-1.1.0.tgz"
    },
    "read-pkg-up": {
      "version": "1.0.1",
      "from": "read-pkg-up@>=1.0.1 <2.0.0",
      "resolved": "https://registry.npmjs.org/read-pkg-up/-/read-pkg-up-1.0.1.tgz"
    },
    "readable-stream": {
      "version": "1.0.34",
      "from": "readable-stream@>=1.0.2 <1.1.0",
      "resolved": "https://registry.npmjs.org/readable-stream/-/readable-stream-1.0.34.tgz"
    },
    "redis": {
      "version": "2.8.0",
      "from": "redis@>=2.8.0 <3.0.0",
      "resolved": "https://registry.npmjs.org/redis/-/redis-2.8.0.tgz"
    },
    "redis-commands": {
      "version": "1.4.0",
      "from": "redis-commands@>=1.2.0 <2.0.0",
      "resolved": "https://registry.npmjs.org/redis-commands/-/redis-commands-1.4.0.tgz"
    },
    "redis-mpool": {
      "version": "0.6.1",
      "from": "cartodb/node-redis-mpool#nodejs-10",
      "resolved": "git://github.com/cartodb/node-redis-mpool.git#b8aed387cbfa1a3ed00417a451d6abec59801cde",
      "dependencies": {
        "generic-pool": {
          "version": "2.1.1",
          "from": "generic-pool@>=2.1.1 <2.2.0",
          "resolved": "https://registry.npmjs.org/generic-pool/-/generic-pool-2.1.1.tgz"
        }
      }
    },
    "redis-parser": {
      "version": "2.6.0",
      "from": "redis-parser@>=2.6.0 <3.0.0",
      "resolved": "https://registry.npmjs.org/redis-parser/-/redis-parser-2.6.0.tgz"
    },
    "redlock": {
      "version": "2.0.1",
      "from": "redlock@2.0.1",
      "resolved": "https://registry.npmjs.org/redlock/-/redlock-2.0.1.tgz"
    },
    "request": {
      "version": "2.75.0",
      "from": "request@>=2.75.0 <2.76.0",
      "resolved": "https://registry.npmjs.org/request/-/request-2.75.0.tgz"
    },
    "require-directory": {
      "version": "2.1.1",
      "from": "require-directory@>=2.1.1 <3.0.0",
      "resolved": "https://registry.npmjs.org/require-directory/-/require-directory-2.1.1.tgz"
    },
    "require-main-filename": {
      "version": "1.0.1",
      "from": "require-main-filename@>=1.0.1 <2.0.0",
      "resolved": "https://registry.npmjs.org/require-main-filename/-/require-main-filename-1.0.1.tgz"
    },
    "rimraf": {
      "version": "2.4.5",
      "from": "rimraf@>=2.4.0 <2.5.0",
      "resolved": "https://registry.npmjs.org/rimraf/-/rimraf-2.4.5.tgz",
      "optional": true
    },
    "safe-buffer": {
      "version": "5.1.2",
      "from": "safe-buffer@5.1.2",
      "resolved": "https://registry.npmjs.org/safe-buffer/-/safe-buffer-5.1.2.tgz"
    },
    "safe-json-stringify": {
      "version": "1.2.0",
      "from": "safe-json-stringify@>=1.0.0 <2.0.0",
      "resolved": "https://registry.npmjs.org/safe-json-stringify/-/safe-json-stringify-1.2.0.tgz",
      "optional": true
    },
    "safer-buffer": {
      "version": "2.1.2",
      "from": "safer-buffer@>=2.0.2 <3.0.0",
      "resolved": "https://registry.npmjs.org/safer-buffer/-/safer-buffer-2.1.2.tgz"
    },
    "semver": {
      "version": "4.3.2",
      "from": "semver@4.3.2",
      "resolved": "https://registry.npmjs.org/semver/-/semver-4.3.2.tgz"
    },
    "send": {
      "version": "0.13.1",
      "from": "send@0.13.1",
      "resolved": "https://registry.npmjs.org/send/-/send-0.13.1.tgz",
      "dependencies": {
        "ms": {
          "version": "0.7.1",
          "from": "ms@0.7.1",
          "resolved": "https://registry.npmjs.org/ms/-/ms-0.7.1.tgz"
        }
      }
    },
    "serve-static": {
      "version": "1.10.3",
      "from": "serve-static@>=1.10.2 <1.11.0",
      "resolved": "https://registry.npmjs.org/serve-static/-/serve-static-1.10.3.tgz",
      "dependencies": {
        "ms": {
          "version": "0.7.1",
          "from": "ms@0.7.1",
          "resolved": "https://registry.npmjs.org/ms/-/ms-0.7.1.tgz"
        },
        "send": {
          "version": "0.13.2",
          "from": "send@0.13.2",
          "resolved": "https://registry.npmjs.org/send/-/send-0.13.2.tgz"
        }
      }
    },
    "set-blocking": {
      "version": "2.0.0",
      "from": "set-blocking@>=2.0.0 <3.0.0",
      "resolved": "https://registry.npmjs.org/set-blocking/-/set-blocking-2.0.0.tgz"
    },
    "sntp": {
      "version": "1.0.9",
      "from": "sntp@>=1.0.0 <2.0.0",
      "resolved": "https://registry.npmjs.org/sntp/-/sntp-1.0.9.tgz"
    },
    "spdx-correct": {
      "version": "3.0.2",
      "from": "spdx-correct@>=3.0.0 <4.0.0",
      "resolved": "https://registry.npmjs.org/spdx-correct/-/spdx-correct-3.0.2.tgz"
    },
    "spdx-exceptions": {
      "version": "2.2.0",
      "from": "spdx-exceptions@>=2.1.0 <3.0.0",
      "resolved": "https://registry.npmjs.org/spdx-exceptions/-/spdx-exceptions-2.2.0.tgz"
    },
    "spdx-expression-parse": {
      "version": "3.0.0",
      "from": "spdx-expression-parse@>=3.0.0 <4.0.0",
      "resolved": "https://registry.npmjs.org/spdx-expression-parse/-/spdx-expression-parse-3.0.0.tgz"
    },
    "spdx-license-ids": {
      "version": "3.0.2",
      "from": "spdx-license-ids@>=3.0.0 <4.0.0",
      "resolved": "https://registry.npmjs.org/spdx-license-ids/-/spdx-license-ids-3.0.2.tgz"
    },
    "split": {
      "version": "1.0.1",
      "from": "split@>=1.0.0 <2.0.0",
      "resolved": "https://registry.npmjs.org/split/-/split-1.0.1.tgz"
    },
    "sshpk": {
      "version": "1.15.2",
      "from": "sshpk@>=1.7.0 <2.0.0",
      "resolved": "https://registry.npmjs.org/sshpk/-/sshpk-1.15.2.tgz",
      "dependencies": {
        "assert-plus": {
          "version": "1.0.0",
          "from": "assert-plus@>=1.0.0 <2.0.0",
          "resolved": "https://registry.npmjs.org/assert-plus/-/assert-plus-1.0.0.tgz"
        }
      }
    },
    "statuses": {
      "version": "1.2.1",
      "from": "statuses@>=1.2.1 <1.3.0",
      "resolved": "https://registry.npmjs.org/statuses/-/statuses-1.2.1.tgz"
    },
    "step": {
      "version": "0.0.6",
      "from": "step@>=0.0.5 <0.1.0",
      "resolved": "https://registry.npmjs.org/step/-/step-0.0.6.tgz"
    },
    "step-profiler": {
      "version": "0.3.0",
      "from": "step-profiler@>=0.3.0 <0.4.0",
      "resolved": "https://registry.npmjs.org/step-profiler/-/step-profiler-0.3.0.tgz"
    },
    "streamsearch": {
      "version": "0.1.2",
      "from": "streamsearch@0.1.2",
      "resolved": "https://registry.npmjs.org/streamsearch/-/streamsearch-0.1.2.tgz"
    },
    "string_decoder": {
      "version": "0.10.31",
      "from": "string_decoder@>=0.10.0 <0.11.0",
      "resolved": "https://registry.npmjs.org/string_decoder/-/string_decoder-0.10.31.tgz"
    },
    "string-width": {
      "version": "1.0.2",
      "from": "string-width@>=1.0.2 <2.0.0",
      "resolved": "https://registry.npmjs.org/string-width/-/string-width-1.0.2.tgz"
    },
    "stringstream": {
      "version": "0.0.6",
      "from": "stringstream@>=0.0.4 <0.1.0",
      "resolved": "https://registry.npmjs.org/stringstream/-/stringstream-0.0.6.tgz"
    },
    "strip-ansi": {
      "version": "3.0.1",
      "from": "strip-ansi@>=3.0.0 <4.0.0",
      "resolved": "https://registry.npmjs.org/strip-ansi/-/strip-ansi-3.0.1.tgz"
    },
    "strip-bom": {
      "version": "2.0.0",
      "from": "strip-bom@>=2.0.0 <3.0.0",
      "resolved": "https://registry.npmjs.org/strip-bom/-/strip-bom-2.0.0.tgz"
    },
    "supports-color": {
      "version": "2.0.0",
      "from": "supports-color@>=2.0.0 <3.0.0",
      "resolved": "https://registry.npmjs.org/supports-color/-/supports-color-2.0.0.tgz"
    },
    "through": {
      "version": "2.3.8",
      "from": "through@>=2.0.0 <3.0.0",
      "resolved": "https://registry.npmjs.org/through/-/through-2.3.8.tgz"
    },
    "topojson": {
      "version": "0.0.8",
      "from": "topojson@0.0.8",
      "resolved": "https://registry.npmjs.org/topojson/-/topojson-0.0.8.tgz"
    },
    "tough-cookie": {
      "version": "2.3.4",
      "from": "tough-cookie@>=2.3.0 <2.4.0",
      "resolved": "https://registry.npmjs.org/tough-cookie/-/tough-cookie-2.3.4.tgz"
    },
    "tunnel-agent": {
      "version": "0.4.3",
      "from": "tunnel-agent@>=0.4.1 <0.5.0",
      "resolved": "https://registry.npmjs.org/tunnel-agent/-/tunnel-agent-0.4.3.tgz"
    },
    "tweetnacl": {
      "version": "0.14.5",
      "from": "tweetnacl@>=0.14.0 <0.15.0",
      "resolved": "https://registry.npmjs.org/tweetnacl/-/tweetnacl-0.14.5.tgz"
    },
    "type-is": {
      "version": "1.6.16",
      "from": "type-is@>=1.6.6 <1.7.0",
      "resolved": "https://registry.npmjs.org/type-is/-/type-is-1.6.16.tgz"
    },
    "typedarray": {
      "version": "0.0.6",
      "from": "typedarray@>=0.0.6 <0.0.7",
      "resolved": "https://registry.npmjs.org/typedarray/-/typedarray-0.0.6.tgz"
    },
    "underscore": {
      "version": "1.6.0",
      "from": "underscore@>=1.6.0 <1.7.0",
      "resolved": "https://registry.npmjs.org/underscore/-/underscore-1.6.0.tgz"
    },
    "unpipe": {
      "version": "1.0.0",
      "from": "unpipe@>=1.0.0 <1.1.0",
      "resolved": "https://registry.npmjs.org/unpipe/-/unpipe-1.0.0.tgz"
    },
    "util-deprecate": {
      "version": "1.0.2",
      "from": "util-deprecate@>=1.0.1 <1.1.0",
      "resolved": "https://registry.npmjs.org/util-deprecate/-/util-deprecate-1.0.2.tgz"
    },
    "utils-merge": {
      "version": "1.0.0",
      "from": "utils-merge@1.0.0",
      "resolved": "https://registry.npmjs.org/utils-merge/-/utils-merge-1.0.0.tgz"
    },
    "validate-npm-package-license": {
      "version": "3.0.4",
      "from": "validate-npm-package-license@>=3.0.1 <4.0.0",
      "resolved": "https://registry.npmjs.org/validate-npm-package-license/-/validate-npm-package-license-3.0.4.tgz"
    },
    "vary": {
      "version": "1.0.1",
      "from": "vary@>=1.0.1 <1.1.0",
      "resolved": "https://registry.npmjs.org/vary/-/vary-1.0.1.tgz"
    },
    "verror": {
      "version": "1.10.0",
      "from": "verror@1.10.0",
      "resolved": "https://registry.npmjs.org/verror/-/verror-1.10.0.tgz",
      "dependencies": {
        "assert-plus": {
          "version": "1.0.0",
          "from": "assert-plus@>=1.0.0 <2.0.0",
          "resolved": "https://registry.npmjs.org/assert-plus/-/assert-plus-1.0.0.tgz"
        }
      }
    },
    "which-module": {
      "version": "1.0.0",
      "from": "which-module@>=1.0.0 <2.0.0",
      "resolved": "https://registry.npmjs.org/which-module/-/which-module-1.0.0.tgz"
    },
    "window-size": {
      "version": "0.2.0",
      "from": "window-size@>=0.2.0 <0.3.0",
      "resolved": "https://registry.npmjs.org/window-size/-/window-size-0.2.0.tgz"
    },
    "wordwrap": {
      "version": "0.0.3",
      "from": "wordwrap@>=0.0.2 <0.1.0",
      "resolved": "https://registry.npmjs.org/wordwrap/-/wordwrap-0.0.3.tgz"
    },
    "wrap-ansi": {
      "version": "2.1.0",
      "from": "wrap-ansi@>=2.0.0 <3.0.0",
      "resolved": "https://registry.npmjs.org/wrap-ansi/-/wrap-ansi-2.1.0.tgz"
    },
    "wrappy": {
      "version": "1.0.2",
      "from": "wrappy@>=1.0.0 <2.0.0",
      "resolved": "https://registry.npmjs.org/wrappy/-/wrappy-1.0.2.tgz"
    },
    "xtend": {
      "version": "4.0.1",
      "from": "xtend@>=4.0.0 <5.0.0",
      "resolved": "https://registry.npmjs.org/xtend/-/xtend-4.0.1.tgz"
    },
    "y18n": {
      "version": "3.2.1",
      "from": "y18n@>=3.2.1 <4.0.0",
      "resolved": "https://registry.npmjs.org/y18n/-/y18n-3.2.1.tgz"
    },
    "yargs": {
      "version": "5.0.0",
      "from": "yargs@>=5.0.0 <5.1.0",
      "resolved": "https://registry.npmjs.org/yargs/-/yargs-5.0.0.tgz"
    },
    "yargs-parser": {
      "version": "3.2.0",
      "from": "yargs-parser@>=3.2.0 <4.0.0",
      "resolved": "https://registry.npmjs.org/yargs-parser/-/yargs-parser-3.2.0.tgz"
    }
  }
}
